
Microsoft Visual Studio Solution File, Format Version 12.00
# Visual Studio Version 16
VisualStudioVersion = 16.0.31112.23
MinimumVisualStudioVersion = 10.0.40219.1
Project("{FAE04EC0-301F-11D3-BF4B-00C04F79EFBC}") = "DomainLayer", "DomainLayer\DomainLayer.csproj", "{0624DB89-C93D-4D63-BB82-66A80D7BA182}"
EndProject
Project("{FAE04EC0-301F-11D3-BF4B-00C04F79EFBC}") = "ServiceLayer", "ServiceLayer\ServiceLayer.csproj", "{6225ABFE-9E55-4B43-AE65-B3856A5846D7}"
EndProject
Project("{FAE04EC0-301F-11D3-BF4B-00C04F79EFBC}") = "ServicesLayer.Tests", "ServicesLayer.Tests\ServicesLayer.Tests.csproj", "{FA9BB3B3-26EA-456C-891A-B74045C507CA}"
EndProject
Project("{FAE04EC0-301F-11D3-BF4B-00C04F79EFBC}") = "InfrastructureLayer", "InfrastructureLayer\InfrastructureLayer.csproj", "{BF2D907C-0BA0-478D-AE7B-4930EC5E0DD4}"
EndProject
Project("{FAE04EC0-301F-11D3-BF4B-00C04F79EFBC}") = "CommonComponents", "CommonComponents\CommonComponents.csproj", "{533A3DC1-7E95-4CED-8CDE-118A1369EB01}"
EndProject
Project("{FAE04EC0-301F-11D3-BF4B-00C04F79EFBC}") = "PresentationLayerV1", "PresentationLayer\PresentationLayerV1.csproj", "{D6BEAB43-5B5B-4D95-9DB2-DF9EC68AB5C0}"
EndProject
Global
	GlobalSection(SolutionConfigurationPlatforms) = preSolution
		Debug|Any CPU = Debug|Any CPU
		Release|Any CPU = Release|Any CPU
	EndGlobalSection
	GlobalSection(ProjectConfigurationPlatforms) = postSolution
		{0624DB89-C93D-4D63-BB82-66A80D7BA182}.Debug|Any CPU.ActiveCfg = Debug|Any CPU
		{0624DB89-C93D-4D63-BB82-66A80D7BA182}.Debug|Any CPU.Build.0 = Debug|Any CPU
		{0624DB89-C93D-4D63-BB82-66A80D7BA182}.Release|Any CPU.ActiveCfg = Release|Any CPU
		{0624DB89-C93D-4D63-BB82-66A80D7BA182}.Release|Any CPU.Build.0 = Release|Any CPU
		{6225ABFE-9E55-4B43-AE65-B3856A5846D7}.Debug|Any CPU.ActiveCfg = Debug|Any CPU
		{6225ABFE-9E55-4B43-AE65-B3856A5846D7}.Debug|Any CPU.Build.0 = Debug|Any CPU
		{6225ABFE-9E55-4B43-AE65-B3856A5846D7}.Release|Any CPU.ActiveCfg = Release|Any CPU
		{6225ABFE-9E55-4B43-AE65-B3856A5846D7}.Release|Any CPU.Build.0 = Release|Any CPU
		{FA9BB3B3-26EA-456C-891A-B74045C507CA}.Debug|Any CPU.ActiveCfg = Debug|Any CPU
		{FA9BB3B3-26EA-456C-891A-B74045C507CA}.Debug|Any CPU.Build.0 = Debug|Any CPU
		{FA9BB3B3-26EA-456C-891A-B74045C507CA}.Release|Any CPU.ActiveCfg = Release|Any CPU
		{FA9BB3B3-26EA-456C-891A-B74045C507CA}.Release|Any CPU.Build.0 = Release|Any CPU
		{BF2D907C-0BA0-478D-AE7B-4930EC5E0DD4}.Debug|Any CPU.ActiveCfg = Debug|Any CPU
		{BF2D907C-0BA0-478D-AE7B-4930EC5E0DD4}.Debug|Any CPU.Build.0 = Debug|Any CPU
		{BF2D907C-0BA0-478D-AE7B-4930EC5E0DD4}.Release|Any CPU.ActiveCfg = Release|Any CPU
		{BF2D907C-0BA0-478D-AE7B-4930EC5E0DD4}.Release|Any CPU.Build.0 = Release|Any CPU
		{533A3DC1-7E95-4CED-8CDE-118A1369EB01}.Debug|Any CPU.ActiveCfg = Debug|Any CPU
		{533A3DC1-7E95-4CED-8CDE-118A1369EB01}.Debug|Any CPU.Build.0 = Debug|Any CPU
		{533A3DC1-7E95-4CED-8CDE-118A1369EB01}.Release|Any CPU.ActiveCfg = Release|Any CPU
		{533A3DC1-7E95-4CED-8CDE-118A1369EB01}.Release|Any CPU.Build.0 = Release|Any CPU
		{D6BEAB43-5B5B-4D95-9DB2-DF9EC68AB5C0}.Debug|Any CPU.ActiveCfg = Debug|Any CPU
		{D6BEAB43-5B5B-4D95-9DB2-DF9EC68AB5C0}.Debug|Any CPU.Build.0 = Debug|Any CPU
		{D6BEAB43-5B5B-4D95-9DB2-DF9EC68AB5C0}.Release|Any CPU.ActiveCfg = Release|Any CPU
		{D6BEAB43-5B5B-4D95-9DB2-DF9EC68AB5C0}.Release|Any CPU.Build.0 = Release|Any CPU
	EndGlobalSection
	GlobalSection(SolutionProperties) = preSolution
		HideSolutionNode = FALSE
	EndGlobalSection
	GlobalSection(ExtensibilityGlobals) = postSolution
		SolutionGuid = {F17C3F4F-6338-4148-997A-F84F57F9101C}
	EndGlobalSection
EndGlobal
