
Microsoft Visual Studio Solution File, Format Version 12.00
# Visual Studio Version 16
VisualStudioVersion = 16.0.31112.23
MinimumVisualStudioVersion = 10.0.40219.1
Project("{FAE04EC0-301F-11D3-BF4B-00C04F79EFBC}") = "DomainLayer", "DomainLayer\DomainLayer.csproj", "{0624DB89-C93D-4D63-BB82-66A80D7BA182}"
EndProject
Project("{FAE04EC0-301F-11D3-BF4B-00C04F79EFBC}") = "ServiceLayer", "ServiceLayer\ServiceLayer.csproj", "{6225ABFE-9E55-4B43-AE65-B3856A5846D7}"
EndProject
Project("{FAE04EC0-301F-11D3-BF4B-00C04F79EFBC}") = "InfrastructureLayer", "InfrastructureLayer\InfrastructureLayer.csproj", "{BF2D907C-0BA0-478D-AE7B-4930EC5E0DD4}"
EndProject
Project("{FAE04EC0-301F-11D3-BF4B-00C04F79EFBC}") = "CommonComponents", "CommonComponents\CommonComponents.csproj", "{533A3DC1-7E95-4CED-8CDE-118A1369EB01}"
EndProject
Project("{FAE04EC0-301F-11D3-BF4B-00C04F79EFBC}") = "MCatalogos", "MCatalogos\MCatalogos.csproj", "{E3B38CCA-7B9A-41F8-914C-5A7124D36D75}"
EndProject
Project("{2150E333-8FDC-42A3-9474-1A3956D46DE8}") = "Solution Items", "Solution Items", "{9E5DD5FB-C8DE-482D-AB97-37390F9777BC}"
	ProjectSection(SolutionItems) = preProject
		.editorconfig = .editorconfig
		SQLQueryCreateDataBase.sql = SQLQueryCreateDataBase.sql
	EndProjectSection
EndProject
Global
	GlobalSection(SolutionConfigurationPlatforms) = preSolution
		Debug|Any CPU = Debug|Any CPU
		Release|Any CPU = Release|Any CPU
	EndGlobalSection
	GlobalSection(ProjectConfigurationPlatforms) = postSolution
		{0624DB89-C93D-4D63-BB82-66A80D7BA182}.Debug|Any CPU.ActiveCfg = Debug|Any CPU
		{0624DB89-C93D-4D63-BB82-66A80D7BA182}.Debug|Any CPU.Build.0 = Debug|Any CPU
		{0624DB89-C93D-4D63-BB82-66A80D7BA182}.Release|Any CPU.ActiveCfg = Release|Any CPU
		{0624DB89-C93D-4D63-BB82-66A80D7BA182}.Release|Any CPU.Build.0 = Release|Any CPU
		{6225ABFE-9E55-4B43-AE65-B3856A5846D7}.Debug|Any CPU.ActiveCfg = Debug|Any CPU
		{6225ABFE-9E55-4B43-AE65-B3856A5846D7}.Debug|Any CPU.Build.0 = Debug|Any CPU
		{6225ABFE-9E55-4B43-AE65-B3856A5846D7}.Release|Any CPU.ActiveCfg = Release|Any CPU
		{6225ABFE-9E55-4B43-AE65-B3856A5846D7}.Release|Any CPU.Build.0 = Release|Any CPU
		{BF2D907C-0BA0-478D-AE7B-4930EC5E0DD4}.Debug|Any CPU.ActiveCfg = Debug|Any CPU
		{BF2D907C-0BA0-478D-AE7B-4930EC5E0DD4}.Debug|Any CPU.Build.0 = Debug|Any CPU
		{BF2D907C-0BA0-478D-AE7B-4930EC5E0DD4}.Release|Any CPU.ActiveCfg = Release|Any CPU
		{BF2D907C-0BA0-478D-AE7B-4930EC5E0DD4}.Release|Any CPU.Build.0 = Release|Any CPU
		{533A3DC1-7E95-4CED-8CDE-118A1369EB01}.Debug|Any CPU.ActiveCfg = Debug|Any CPU
		{533A3DC1-7E95-4CED-8CDE-118A1369EB01}.Debug|Any CPU.Build.0 = Debug|Any CPU
		{533A3DC1-7E95-4CED-8CDE-118A1369EB01}.Release|Any CPU.ActiveCfg = Release|Any CPU
		{533A3DC1-7E95-4CED-8CDE-118A1369EB01}.Release|Any CPU.Build.0 = Release|Any CPU
		{E3B38CCA-7B9A-41F8-914C-5A7124D36D75}.Debug|Any CPU.ActiveCfg = Debug|Any CPU
		{E3B38CCA-7B9A-41F8-914C-5A7124D36D75}.Debug|Any CPU.Build.0 = Debug|Any CPU
		{E3B38CCA-7B9A-41F8-914C-5A7124D36D75}.Release|Any CPU.ActiveCfg = Release|Any CPU
		{E3B38CCA-7B9A-41F8-914C-5A7124D36D75}.Release|Any CPU.Build.0 = Release|Any CPU
	EndGlobalSection
	GlobalSection(SolutionProperties) = preSolution
		HideSolutionNode = FALSE
	EndGlobalSection
	GlobalSection(ExtensibilityGlobals) = postSolution
		SolutionGuid = {F17C3F4F-6338-4148-997A-F84F57F9101C}
	EndGlobalSection
EndGlobal
